
Microsoft Visual Studio Solution File, Format Version 12.00
# Visual Studio Version 16
VisualStudioVersion = 16.0.31515.178
MinimumVisualStudioVersion = 10.0.40219.1
Project("{FAE04EC0-301F-11D3-BF4B-00C04F79EFBC}") = "net3-json-test", "net3-json-test.csproj", "{2262B450-148C-4038-9F5F-BD89D1627FCA}"
EndProject
Global
	GlobalSection(SolutionConfigurationPlatforms) = preSolution
		Debug|Any CPU = Debug|Any CPU
		Release|Any CPU = Release|Any CPU
	EndGlobalSection
	GlobalSection(ProjectConfigurationPlatforms) = postSolution
		{2262B450-148C-4038-9F5F-BD89D1627FCA}.Debug|Any CPU.ActiveCfg = Debug|Any CPU
		{2262B450-148C-4038-9F5F-BD89D1627FCA}.Debug|Any CPU.Build.0 = Debug|Any CPU
		{2262B450-148C-4038-9F5F-BD89D1627FCA}.Release|Any CPU.ActiveCfg = Release|Any CPU
		{2262B450-148C-4038-9F5F-BD89D1627FCA}.Release|Any CPU.Build.0 = Release|Any CPU
	EndGlobalSection
	GlobalSection(SolutionProperties) = preSolution
		HideSolutionNode = FALSE
	EndGlobalSection
	GlobalSection(ExtensibilityGlobals) = postSolution
		SolutionGuid = {556DFCB3-2112-4C56-B7FE-B053B629C5B5}
	EndGlobalSection
EndGlobal
